// !$*UTF8*$!
{
	archiveVersion = 1;
	classes = {
	};
	objectVersion = 77;
	objects = {

/* Begin PBXBuildFile section */
		038ECF0C2E7C1B5D00B55EC6 /* README.md in Resources */ = {isa = PBXBuildFile; fileRef = 038ECF0B2E7C1B4100B55EC6 /* README.md */; };
		038ECF372E7E94B700B55EC6 /* Screenshot 2025-09-20 at 10.52.10 AM.png in Resources */ = {isa = PBXBuildFile; fileRef = 038ECF362E7E94B700B55EC6 /* Screenshot 2025-09-20 at 10.52.10 AM.png */; };
/* End PBXBuildFile section */

/* Begin PBXContainerItemProxy section */
		038ECEEC2E7C17C600B55EC6 /* PBXContainerItemProxy */ = {
			isa = PBXContainerItemProxy;
			containerPortal = 038ECED62E7C17C500B55EC6 /* Project object */;
			proxyType = 1;
			remoteGlobalIDString = 038ECEDD2E7C17C500B55EC6;
			remoteInfo = Sneakrs;
		};
		038ECEF62E7C17C600B55EC6 /* PBXContainerItemProxy */ = {
			isa = PBXContainerItemProxy;
			containerPortal = 038ECED62E7C17C500B55EC6 /* Project object */;
			proxyType = 1;
			remoteGlobalIDString = 038ECEDD2E7C17C500B55EC6;
			remoteInfo = Sneakrs;
		};
/* End PBXContainerItemProxy section */

/* Begin PBXFileReference section */
		038ECEDE2E7C17C500B55EC6 /* Sneakrs.app */ = {isa = PBXFileReference; explicitFileType = wrapper.application; includeInIndex = 0; path = Sneakrs.app; sourceTree = BUILT_PRODUCTS_DIR; };
		038ECEEB2E7C17C600B55EC6 /* SneakrsTests.xctest */ = {isa = PBXFileReference; explicitFileType = wrapper.cfbundle; includeInIndex = 0; path = SneakrsTests.xctest; sourceTree = BUILT_PRODUCTS_DIR; };
		038ECEF52E7C17C600B55EC6 /* SneakrsUITests.xctest */ = {isa = PBXFileReference; explicitFileType = wrapper.cfbundle; includeInIndex = 0; path = SneakrsUITests.xctest; sourceTree = BUILT_PRODUCTS_DIR; };
		038ECF0B2E7C1B4100B55EC6 /* README.md */ = {isa = PBXFileReference; lastKnownFileType = net.daringfireball.markdown; path = README.md; sourceTree = "<group>"; };
		038ECF362E7E94B700B55EC6 /* Screenshot 2025-09-20 at 10.52.10 AM.png */ = {isa = PBXFileReference; lastKnownFileType = image.png; path = "Screenshot 2025-09-20 at 10.52.10 AM.png"; sourceTree = "<group>"; };
/* End PBXFileReference section */

/* Begin PBXFileSystemSynchronizedRootGroup section */
		038ECEE02E7C17C500B55EC6 /* Sneakrs */ = {
			isa = PBXFileSystemSynchronizedRootGroup;
			path = Sneakrs;
			sourceTree = "<group>";
		};
		038ECEEE2E7C17C600B55EC6 /* SneakrsTests */ = {
			isa = PBXFileSystemSynchronizedRootGroup;
			path = SneakrsTests;
			sourceTree = "<group>";
		};
		038ECEF82E7C17C600B55EC6 /* SneakrsUITests */ = {
			isa = PBXFileSystemSynchronizedRootGroup;
			path = SneakrsUITests;
			sourceTree = "<group>";
		};
/* End PBXFileSystemSynchronizedRootGroup section */

/* Begin PBXFrameworksBuildPhase section */
		038ECEDB2E7C17C500B55EC6 /* Frameworks */ = {
			isa = PBXFrameworksBuildPhase;
			buildActionMask = 2147483647;
			files = (
			);
			runOnlyForDeploymentPostprocessing = 0;
		};
		038ECEE82E7C17C600B55EC6 /* Frameworks */ = {
			isa = PBXFrameworksBuildPhase;
			buildActionMask = 2147483647;
			files = (
			);
			runOnlyForDeploymentPostprocessing = 0;
		};
		038ECEF22E7C17C600B55EC6 /* Frameworks */ = {
			isa = PBXFrameworksBuildPhase;
			buildActionMask = 2147483647;
			files = (
			);
			runOnlyForDeploymentPostprocessing = 0;
		};
/* End PBXFrameworksBuildPhase section */

/* Begin PBXGroup section */
		038ECED52E7C17C500B55EC6 = {
			isa = PBXGroup;
			children = (
				038ECF0B2E7C1B4100B55EC6 /* README.md */,
				038ECEE02E7C17C500B55EC6 /* Sneakrs */,
				038ECEEE2E7C17C600B55EC6 /* SneakrsTests */,
				038ECEF82E7C17C600B55EC6 /* SneakrsUITests */,
				038ECEDF2E7C17C500B55EC6 /* Products */,
				038ECF362E7E94B700B55EC6 /* Screenshot 2025-09-20 at 10.52.10 AM.png */,
			);
			sourceTree = "<group>";
		};
		038ECEDF2E7C17C500B55EC6 /* Products */ = {
			isa = PBXGroup;
			children = (
				038ECEDE2E7C17C500B55EC6 /* Sneakrs.app */,
				038ECEEB2E7C17C600B55EC6 /* SneakrsTests.xctest */,
				038ECEF52E7C17C600B55EC6 /* SneakrsUITests.xctest */,
			);
			name = Products;
			sourceTree = "<group>";
		};
/* End PBXGroup section */

/* Begin PBXNativeTarget section */
		038ECEDD2E7C17C500B55EC6 /* Sneakrs */ = {
			isa = PBXNativeTarget;
			buildConfigurationList = 038ECEFF2E7C17C600B55EC6 /* Build configuration list for PBXNativeTarget "Sneakrs" */;
			buildPhases = (
				038ECEDA2E7C17C500B55EC6 /* Sources */,
				038ECEDB2E7C17C500B55EC6 /* Frameworks */,
				038ECEDC2E7C17C500B55EC6 /* Resources */,
			);
			buildRules = (
			);
			dependencies = (
			);
			fileSystemSynchronizedGroups = (
				038ECEE02E7C17C500B55EC6 /* Sneakrs */,
			);
			name = Sneakrs;
			packageProductDependencies = (
			);
			productName = Sneakrs;
			productReference = 038ECEDE2E7C17C500B55EC6 /* Sneakrs.app */;
			productType = "com.apple.product-type.application";
		};
		038ECEEA2E7C17C600B55EC6 /* SneakrsTests */ = {
			isa = PBXNativeTarget;
			buildConfigurationList = 038ECF022E7C17C600B55EC6 /* Build configuration list for PBXNativeTarget "SneakrsTests" */;
			buildPhases = (
				038ECEE72E7C17C600B55EC6 /* Sources */,
				038ECEE82E7C17C600B55EC6 /* Frameworks */,
				038ECEE92E7C17C600B55EC6 /* Resources */,
			);
			buildRules = (
			);
			dependencies = (
				038ECEED2E7C17C600B55EC6 /* PBXTargetDependency */,
			);
			fileSystemSynchronizedGroups = (
				038ECEEE2E7C17C600B55EC6 /* SneakrsTests */,
			);
			name = SneakrsTests;
			packageProductDependencies = (
			);
			productName = SneakrsTests;
			productReference = 038ECEEB2E7C17C600B55EC6 /* SneakrsTests.xctest */;
			productType = "com.apple.product-type.bundle.unit-test";
		};
		038ECEF42E7C17C600B55EC6 /* SneakrsUITests */ = {
			isa = PBXNativeTarget;
			buildConfigurationList = 038ECF052E7C17C600B55EC6 /* Build configuration list for PBXNativeTarget "SneakrsUITests" */;
			buildPhases = (
				038ECEF12E7C17C600B55EC6 /* Sources */,
				038ECEF22E7C17C600B55EC6 /* Frameworks */,
				038ECEF32E7C17C600B55EC6 /* Resources */,
			);
			buildRules = (
			);
			dependencies = (
				038ECEF72E7C17C600B55EC6 /* PBXTargetDependency */,
			);
			fileSystemSynchronizedGroups = (
				038ECEF82E7C17C600B55EC6 /* SneakrsUITests */,
			);
			name = SneakrsUITests;
			packageProductDependencies = (
			);
			productName = SneakrsUITests;
			productReference = 038ECEF52E7C17C600B55EC6 /* SneakrsUITests.xctest */;
			productType = "com.apple.product-type.bundle.ui-testing";
		};
/* End PBXNativeTarget section */

/* Begin PBXProject section */
		038ECED62E7C17C500B55EC6 /* Project object */ = {
			isa = PBXProject;
			attributes = {
				BuildIndependentTargetsInParallel = 1;
				LastSwiftUpdateCheck = 1630;
				LastUpgradeCheck = 1630;
				TargetAttributes = {
					038ECEDD2E7C17C500B55EC6 = {
						CreatedOnToolsVersion = 16.3;
					};
					038ECEEA2E7C17C600B55EC6 = {
						CreatedOnToolsVersion = 16.3;
						TestTargetID = 038ECEDD2E7C17C500B55EC6;
					};
					038ECEF42E7C17C600B55EC6 = {
						CreatedOnToolsVersion = 16.3;
						TestTargetID = 038ECEDD2E7C17C500B55EC6;
					};
				};
			};
			buildConfigurationList = 038ECED92E7C17C500B55EC6 /* Build configuration list for PBXProject "Sneakrs" */;
			developmentRegion = en;
			hasScannedForEncodings = 0;
			knownRegions = (
				en,
				Base,
			);
			mainGroup = 038ECED52E7C17C500B55EC6;
			minimizedProjectReferenceProxies = 1;
			preferredProjectObjectVersion = 77;
			productRefGroup = 038ECEDF2E7C17C500B55EC6 /* Products */;
			projectDirPath = "";
			projectRoot = "";
			targets = (
				038ECEDD2E7C17C500B55EC6 /* Sneakrs */,
				038ECEEA2E7C17C600B55EC6 /* SneakrsTests */,
				038ECEF42E7C17C600B55EC6 /* SneakrsUITests */,
			);
		};
/* End PBXProject section */

/* Begin PBXResourcesBuildPhase section */
		038ECEDC2E7C17C500B55EC6 /* Resources */ = {
			isa = PBXResourcesBuildPhase;
			buildActionMask = 2147483647;
			files = (
				038ECF0C2E7C1B5D00B55EC6 /* README.md in Resources */,
				038ECF372E7E94B700B55EC6 /* Screenshot 2025-09-20 at 10.52.10 AM.png in Resources */,
			);
			runOnlyForDeploymentPostprocessing = 0;
		};
		038ECEE92E7C17C600B55EC6 /* Resources */ = {
			isa = PBXResourcesBuildPhase;
			buildActionMask = 2147483647;
			files = (
			);
			runOnlyForDeploymentPostprocessing = 0;
		};
		038ECEF32E7C17C600B55EC6 /* Resources */ = {
			isa = PBXResourcesBuildPhase;
			buildActionMask = 2147483647;
			files = (
			);
			runOnlyForDeploymentPostprocessing = 0;
		};
/* End PBXResourcesBuildPhase section */

/* Begin PBXSourcesBuildPhase section */
		038ECEDA2E7C17C500B55EC6 /* Sources */ = {
			isa = PBXSourcesBuildPhase;
			buildActionMask = 2147483647;
			files = (
			);
			runOnlyForDeploymentPostprocessing = 0;
		};
		038ECEE72E7C17C600B55EC6 /* Sources */ = {
			isa = PBXSourcesBuildPhase;
			buildActionMask = 2147483647;
			files = (
			);
			runOnlyForDeploymentPostprocessing = 0;
		};
		038ECEF12E7C17C600B55EC6 /* Sources */ = {
			isa = PBXSourcesBuildPhase;
			buildActionMask = 2147483647;
			files = (
			);
			runOnlyForDeploymentPostprocessing = 0;
		};
/* End PBXSourcesBuildPhase section */

/* Begin PBXTargetDependency section */
		038ECEED2E7C17C600B55EC6 /* PBXTargetDependency */ = {
			isa = PBXTargetDependency;
			target = 038ECEDD2E7C17C500B55EC6 /* Sneakrs */;
			targetProxy = 038ECEEC2E7C17C600B55EC6 /* PBXContainerItemProxy */;
		};
		038ECEF72E7C17C600B55EC6 /* PBXTargetDependency */ = {
			isa = PBXTargetDependency;
			target = 038ECEDD2E7C17C500B55EC6 /* Sneakrs */;
			targetProxy = 038ECEF62E7C17C600B55EC6 /* PBXContainerItemProxy */;
		};
/* End PBXTargetDependency section */

/* Begin XCBuildConfiguration section */
		038ECEFD2E7C17C600B55EC6 /* Debug */ = {
			isa = XCBuildConfiguration;
			buildSettings = {
				ALWAYS_SEARCH_USER_PATHS = NO;
				ASSETCATALOG_COMPILER_GENERATE_SWIFT_ASSET_SYMBOL_EXTENSIONS = YES;
				CLANG_ANALYZER_NONNULL = YES;
				CLANG_ANALYZER_NUMBER_OBJECT_CONVERSION = YES_AGGRESSIVE;
				CLANG_CXX_LANGUAGE_STANDARD = "gnu++20";
				CLANG_ENABLE_MODULES = YES;
				CLANG_ENABLE_OBJC_ARC = YES;
				CLANG_ENABLE_OBJC_WEAK = YES;
				CLANG_WARN_BLOCK_CAPTURE_AUTORELEASING = YES;
				CLANG_WARN_BOOL_CONVERSION = YES;
				CLANG_WARN_COMMA = YES;
				CLANG_WARN_CONSTANT_CONVERSION = YES;
				CLANG_WARN_DEPRECATED_OBJC_IMPLEMENTATIONS = YES;
				CLANG_WARN_DIRECT_OBJC_ISA_USAGE = YES_ERROR;
				CLANG_WARN_DOCUMENTATION_COMMENTS = YES;
				CLANG_WARN_EMPTY_BODY = YES;
				CLANG_WARN_ENUM_CONVERSION = YES;
				CLANG_WARN_INFINITE_RECURSION = YES;
				CLANG_WARN_INT_CONVERSION = YES;
				CLANG_WARN_NON_LITERAL_NULL_CONVERSION = YES;
				CLANG_WARN_OBJC_IMPLICIT_RETAIN_SELF = YES;
				CLANG_WARN_OBJC_LITERAL_CONVERSION = YES;
				CLANG_WARN_OBJC_ROOT_CLASS = YES_ERROR;
				CLANG_WARN_QUOTED_INCLUDE_IN_FRAMEWORK_HEADER = YES;
				CLANG_WARN_RANGE_LOOP_ANALYSIS = YES;
				CLANG_WARN_STRICT_PROTOTYPES = YES;
				CLANG_WARN_SUSPICIOUS_MOVE = YES;
				CLANG_WARN_UNGUARDED_AVAILABILITY = YES_AGGRESSIVE;
				CLANG_WARN_UNREACHABLE_CODE = YES;
				CLANG_WARN__DUPLICATE_METHOD_MATCH = YES;
				COPY_PHASE_STRIP = NO;
				DEBUG_INFORMATION_FORMAT = dwarf;
				ENABLE_STRICT_OBJC_MSGSEND = YES;
				ENABLE_TESTABILITY = YES;
				ENABLE_USER_SCRIPT_SANDBOXING = YES;
				GCC_C_LANGUAGE_STANDARD = gnu17;
				GCC_DYNAMIC_NO_PIC = NO;
				GCC_NO_COMMON_BLOCKS = YES;
				GCC_OPTIMIZATION_LEVEL = 0;
				GCC_PREPROCESSOR_DEFINITIONS = (
					"DEBUG=1",
					"$(inherited)",
				);
				GCC_WARN_64_TO_32_BIT_CONVERSION = YES;
				GCC_WARN_ABOUT_RETURN_TYPE = YES_ERROR;
				GCC_WARN_UNDECLARED_SELECTOR = YES;
				GCC_WARN_UNINITIALIZED_AUTOS = YES_AGGRESSIVE;
				GCC_WARN_UNUSED_FUNCTION = YES;
				GCC_WARN_UNUSED_VARIABLE = YES;
				IPHONEOS_DEPLOYMENT_TARGET = 18.4;
				LOCALIZATION_PREFERS_STRING_CATALOGS = YES;
				MTL_ENABLE_DEBUG_INFO = INCLUDE_SOURCE;
				MTL_FAST_MATH = YES;
				ONLY_ACTIVE_ARCH = YES;
				SDKROOT = iphoneos;
				SWIFT_ACTIVE_COMPILATION_CONDITIONS = "DEBUG $(inherited)";
				SWIFT_OPTIMIZATION_LEVEL = "-Onone";
			};
			name = Debug;
		};
		038ECEFE2E7C17C600B55EC6 /* Release */ = {
			isa = XCBuildConfiguration;
			buildSettings = {
				ALWAYS_SEARCH_USER_PATHS = NO;
				ASSETCATALOG_COMPILER_GENERATE_SWIFT_ASSET_SYMBOL_EXTENSIONS = YES;
				CLANG_ANALYZER_NONNULL = YES;
				CLANG_ANALYZER_NUMBER_OBJECT_CONVERSION = YES_AGGRESSIVE;
				CLANG_CXX_LANGUAGE_STANDARD = "gnu++20";
				CLANG_ENABLE_MODULES = YES;
				CLANG_ENABLE_OBJC_ARC = YES;
				CLANG_ENABLE_OBJC_WEAK = YES;
				CLANG_WARN_BLOCK_CAPTURE_AUTORELEASING = YES;
				CLANG_WARN_BOOL_CONVERSION = YES;
				CLANG_WARN_COMMA = YES;
				CLANG_WARN_CONSTANT_CONVERSION = YES;
				CLANG_WARN_DEPRECATED_OBJC_IMPLEMENTATIONS = YES;
				CLANG_WARN_DIRECT_OBJC_ISA_USAGE = YES_ERROR;
				CLANG_WARN_DOCUMENTATION_COMMENTS = YES;
				CLANG_WARN_EMPTY_BODY = YES;
				CLANG_WARN_ENUM_CONVERSION = YES;
				CLANG_WARN_INFINITE_RECURSION = YES;
				CLANG_WARN_INT_CONVERSION = YES;
				CLANG_WARN_NON_LITERAL_NULL_CONVERSION = YES;
				CLANG_WARN_OBJC_IMPLICIT_RETAIN_SELF = YES;
				CLANG_WARN_OBJC_LITERAL_CONVERSION = YES;
				CLANG_WARN_OBJC_ROOT_CLASS = YES_ERROR;
				CLANG_WARN_QUOTED_INCLUDE_IN_FRAMEWORK_HEADER = YES;
				CLANG_WARN_RANGE_LOOP_ANALYSIS = YES;
				CLANG_WARN_STRICT_PROTOTYPES = YES;
				CLANG_WARN_SUSPICIOUS_MOVE = YES;
				CLANG_WARN_UNGUARDED_AVAILABILITY = YES_AGGRESSIVE;
				CLANG_WARN_UNREACHABLE_CODE = YES;
				CLANG_WARN__DUPLICATE_METHOD_MATCH = YES;
				COPY_PHASE_STRIP = NO;
				DEBUG_INFORMATION_FORMAT = "dwarf-with-dsym";
				ENABLE_NS_ASSERTIONS = NO;
				ENABLE_STRICT_OBJC_MSGSEND = YES;
				ENABLE_USER_SCRIPT_SANDBOXING = YES;
				GCC_C_LANGUAGE_STANDARD = gnu17;
				GCC_NO_COMMON_BLOCKS = YES;
				GCC_WARN_64_TO_32_BIT_CONVERSION = YES;
				GCC_WARN_ABOUT_RETURN_TYPE = YES_ERROR;
				GCC_WARN_UNDECLARED_SELECTOR = YES;
				GCC_WARN_UNINITIALIZED_AUTOS = YES_AGGRESSIVE;
				GCC_WARN_UNUSED_FUNCTION = YES;
				GCC_WARN_UNUSED_VARIABLE = YES;
				IPHONEOS_DEPLOYMENT_TARGET = 18.4;
				LOCALIZATION_PREFERS_STRING_CATALOGS = YES;
				MTL_ENABLE_DEBUG_INFO = NO;
				MTL_FAST_MATH = YES;
				SDKROOT = iphoneos;
				SWIFT_COMPILATION_MODE = wholemodule;
				VALIDATE_PRODUCT = YES;
			};
			name = Release;
		};
		038ECF002E7C17C600B55EC6 /* Debug */ = {
			isa = XCBuildConfiguration;
			buildSettings = {
				ASSETCATALOG_COMPILER_APPICON_NAME = AppIcon;
				ASSETCATALOG_COMPILER_GLOBAL_ACCENT_COLOR_NAME = AccentColor;
				CODE_SIGN_STYLE = Automatic;
				CURRENT_PROJECT_VERSION = 1;
				ENABLE_PREVIEWS = YES;
				GENERATE_INFOPLIST_FILE = YES;
				INFOPLIST_KEY_UIApplicationSceneManifest_Generation = YES;
				INFOPLIST_KEY_UIApplicationSupportsIndirectInputEvents = YES;
				INFOPLIST_KEY_UILaunchScreen_Generation = YES;
				INFOPLIST_KEY_UISupportedInterfaceOrientations_iPad = "UIInterfaceOrientationPortrait UIInterfaceOrientationPortraitUpsideDown UIInterfaceOrientationLandscapeLeft UIInterfaceOrientationLandscapeRight";
				INFOPLIST_KEY_UISupportedInterfaceOrientations_iPhone = "UIInterfaceOrientationPortrait UIInterfaceOrientationLandscapeLeft UIInterfaceOrientationLandscapeRight";
				LD_RUNPATH_SEARCH_PATHS = (
					"$(inherited)",
					"@executable_path/Frameworks",
				);
				MARKETING_VERSION = 1.0;
				PRODUCT_BUNDLE_IDENTIFIER = com.hab.Sneakrs;
				PRODUCT_NAME = "$(TARGET_NAME)";
				SWIFT_EMIT_LOC_STRINGS = YES;
				SWIFT_VERSION = 5.0;
				TARGETED_DEVICE_FAMILY = "1,2";
			};
			name = Debug;
		};
		038ECF012E7C17C600B55EC6 /* Release */ = {
			isa = XCBuildConfiguration;
			buildSettings = {
				ASSETCATALOG_COMPILER_APPICON_NAME = AppIcon;
				ASSETCATALOG_COMPILER_GLOBAL_ACCENT_COLOR_NAME = AccentColor;
				CODE_SIGN_STYLE = Automatic;
				CURRENT_PROJECT_VERSION = 1;
				ENABLE_PREVIEWS = YES;
				GENERATE_INFOPLIST_FILE = YES;
				INFOPLIST_KEY_UIApplicationSceneManifest_Generation = YES;
				INFOPLIST_KEY_UIApplicationSupportsIndirectInputEvents = YES;
				INFOPLIST_KEY_UILaunchScreen_Generation = YES;
				INFOPLIST_KEY_UISupportedInterfaceOrientations_iPad = "UIInterfaceOrientationPortrait UIInterfaceOrientationPortraitUpsideDown UIInterfaceOrientationLandscapeLeft UIInterfaceOrientationLandscapeRight";
				INFOPLIST_KEY_UISupportedInterfaceOrientations_iPhone = "UIInterfaceOrientationPortrait UIInterfaceOrientationLandscapeLeft UIInterfaceOrientationLandscapeRight";
				LD_RUNPATH_SEARCH_PATHS = (
					"$(inherited)",
					"@executable_path/Frameworks",
				);
				MARKETING_VERSION = 1.0;
				PRODUCT_BUNDLE_IDENTIFIER = com.hab.Sneakrs;
				PRODUCT_NAME = "$(TARGET_NAME)";
				SWIFT_EMIT_LOC_STRINGS = YES;
				SWIFT_VERSION = 5.0;
				TARGETED_DEVICE_FAMILY = "1,2";
			};
			name = Release;
		};
		038ECF032E7C17C600B55EC6 /* Debug */ = {
			isa = XCBuildConfiguration;
			buildSettings = {
				BUNDLE_LOADER = "$(TEST_HOST)";
				CODE_SIGN_STYLE = Automatic;
				CURRENT_PROJECT_VERSION = 1;
				GENERATE_INFOPLIST_FILE = YES;
				IPHONEOS_DEPLOYMENT_TARGET = 18.4;
				MARKETING_VERSION = 1.0;
				PRODUCT_BUNDLE_IDENTIFIER = com.hab.SneakrsTests;
				PRODUCT_NAME = "$(TARGET_NAME)";
				SWIFT_EMIT_LOC_STRINGS = NO;
				SWIFT_VERSION = 5.0;
				TARGETED_DEVICE_FAMILY = "1,2";
				TEST_HOST = "$(BUILT_PRODUCTS_DIR)/Sneakrs.app/$(BUNDLE_EXECUTABLE_FOLDER_PATH)/Sneakrs";
			};
			name = Debug;
		};
		038ECF042E7C17C600B55EC6 /* Release */ = {
			isa = XCBuildConfiguration;
			buildSettings = {
				BUNDLE_LOADER = "$(TEST_HOST)";
				CODE_SIGN_STYLE = Automatic;
				CURRENT_PROJECT_VERSION = 1;
				GENERATE_INFOPLIST_FILE = YES;
				IPHONEOS_DEPLOYMENT_TARGET = 18.4;
				MARKETING_VERSION = 1.0;
				PRODUCT_BUNDLE_IDENTIFIER = com.hab.SneakrsTests;
				PRODUCT_NAME = "$(TARGET_NAME)";
				SWIFT_EMIT_LOC_STRINGS = NO;
				SWIFT_VERSION = 5.0;
				TARGETED_DEVICE_FAMILY = "1,2";
				TEST_HOST = "$(BUILT_PRODUCTS_DIR)/Sneakrs.app/$(BUNDLE_EXECUTABLE_FOLDER_PATH)/Sneakrs";
			};
			name = Release;
		};
		038ECF062E7C17C600B55EC6 /* Debug */ = {
			isa = XCBuildConfiguration;
			buildSettings = {
				CODE_SIGN_STYLE = Automatic;
				CURRENT_PROJECT_VERSION = 1;
				GENERATE_INFOPLIST_FILE = YES;
				MARKETING_VERSION = 1.0;
				PRODUCT_BUNDLE_IDENTIFIER = com.hab.SneakrsUITests;
				PRODUCT_NAME = "$(TARGET_NAME)";
				SWIFT_EMIT_LOC_STRINGS = NO;
				SWIFT_VERSION = 5.0;
				TARGETED_DEVICE_FAMILY = "1,2";
				TEST_TARGET_NAME = Sneakrs;
			};
			name = Debug;
		};
		038ECF072E7C17C600B55EC6 /* Release */ = {
			isa = XCBuildConfiguration;
			buildSettings = {
				CODE_SIGN_STYLE = Automatic;
				CURRENT_PROJECT_VERSION = 1;
				GENERATE_INFOPLIST_FILE = YES;
				MARKETING_VERSION = 1.0;
				PRODUCT_BUNDLE_IDENTIFIER = com.hab.SneakrsUITests;
				PRODUCT_NAME = "$(TARGET_NAME)";
				SWIFT_EMIT_LOC_STRINGS = NO;
				SWIFT_VERSION = 5.0;
				TARGETED_DEVICE_FAMILY = "1,2";
				TEST_TARGET_NAME = Sneakrs;
			};
			name = Release;
		};
/* End XCBuildConfiguration section */

/* Begin XCConfigurationList section */
		038ECED92E7C17C500B55EC6 /* Build configuration list for PBXProject "Sneakrs" */ = {
			isa = XCConfigurationList;
			buildConfigurations = (
				038ECEFD2E7C17C600B55EC6 /* Debug */,
				038ECEFE2E7C17C600B55EC6 /* Release */,
			);
			defaultConfigurationIsVisible = 0;
			defaultConfigurationName = Release;
		};
		038ECEFF2E7C17C600B55EC6 /* Build configuration list for PBXNativeTarget "Sneakrs" */ = {
			isa = XCConfigurationList;
			buildConfigurations = (
				038ECF002E7C17C600B55EC6 /* Debug */,
				038ECF012E7C17C600B55EC6 /* Release */,
			);
			defaultConfigurationIsVisible = 0;
			defaultConfigurationName = Release;
		};
		038ECF022E7C17C600B55EC6 /* Build configuration list for PBXNativeTarget "SneakrsTests" */ = {
			isa = XCConfigurationList;
			buildConfigurations = (
				038ECF032E7C17C600B55EC6 /* Debug */,
				038ECF042E7C17C600B55EC6 /* Release */,
			);
			defaultConfigurationIsVisible = 0;
			defaultConfigurationName = Release;
		};
		038ECF052E7C17C600B55EC6 /* Build configuration list for PBXNativeTarget "SneakrsUITests" */ = {
			isa = XCConfigurationList;
			buildConfigurations = (
				038ECF062E7C17C600B55EC6 /* Debug */,
				038ECF072E7C17C600B55EC6 /* Release */,
			);
			defaultConfigurationIsVisible = 0;
			defaultConfigurationName = Release;
		};
/* End XCConfigurationList section */
	};
	rootObject = 038ECED62E7C17C500B55EC6 /* Project object */;
}
